// !$*UTF8*$!
{
	archiveVersion = 1;
	classes = {
	};
	objectVersion = 50;
	objects = {

/* Begin PBXBuildFile section */
		2ECF453519086F674BD166EC /* Pods_ThinkWhat_ThinkWhatTests.framework in Frameworks */ = {isa = PBXBuildFile; fileRef = CD6CFAA2F8264B491626771A /* Pods_ThinkWhat_ThinkWhatTests.framework */; };
		AB3C67DF223FBB6400B57580 /* AppDelegate.swift in Sources */ = {isa = PBXBuildFile; fileRef = AB3C67DE223FBB6400B57580 /* AppDelegate.swift */; };
		AB3C67E1223FBB6400B57580 /* ViewController.swift in Sources */ = {isa = PBXBuildFile; fileRef = AB3C67E0223FBB6400B57580 /* ViewController.swift */; };
		AB3C67E4223FBB6400B57580 /* Main.storyboard in Resources */ = {isa = PBXBuildFile; fileRef = AB3C67E2223FBB6400B57580 /* Main.storyboard */; };
		AB3C67E7223FBB6400B57580 /* ThinkWhat.xcdatamodeld in Sources */ = {isa = PBXBuildFile; fileRef = AB3C67E5223FBB6400B57580 /* ThinkWhat.xcdatamodeld */; };
		AB3C67E9223FBB6600B57580 /* Assets.xcassets in Resources */ = {isa = PBXBuildFile; fileRef = AB3C67E8223FBB6600B57580 /* Assets.xcassets */; };
		AB3C67EC223FBB6600B57580 /* LaunchScreen.storyboard in Resources */ = {isa = PBXBuildFile; fileRef = AB3C67EA223FBB6600B57580 /* LaunchScreen.storyboard */; };
		AB3C67F7223FBB6600B57580 /* ThinkWhatTests.swift in Sources */ = {isa = PBXBuildFile; fileRef = AB3C67F6223FBB6600B57580 /* ThinkWhatTests.swift */; };
		AB3C6802223FBB6600B57580 /* ThinkWhatUITests.swift in Sources */ = {isa = PBXBuildFile; fileRef = AB3C6801223FBB6600B57580 /* ThinkWhatUITests.swift */; };
		AB3C6812223FC71600B57580 /* Main.swift in Sources */ = {isa = PBXBuildFile; fileRef = AB3C6811223FC71600B57580 /* Main.swift */; };
		AB3C6816223FCE3D00B57580 /* LaunchViewController.swift in Sources */ = {isa = PBXBuildFile; fileRef = AB3C6815223FCE3D00B57580 /* LaunchViewController.swift */; };
		AB3C681B223FD04500B57580 /* Animations.swift in Sources */ = {isa = PBXBuildFile; fileRef = AB3C6817223FD04500B57580 /* Animations.swift */; };
		AB3C681C223FD04500B57580 /* SMSResponse.swift in Sources */ = {isa = PBXBuildFile; fileRef = AB3C6818223FD04500B57580 /* SMSResponse.swift */; };
		AB3C681D223FD04500B57580 /* KeychainService.swift in Sources */ = {isa = PBXBuildFile; fileRef = AB3C6819223FD04500B57580 /* KeychainService.swift */; };
		AB3C681E223FD04500B57580 /* Extensions.swift in Sources */ = {isa = PBXBuildFile; fileRef = AB3C681A223FD04500B57580 /* Extensions.swift */; };
		AB3C6824223FD1E900B57580 /* CustomAlertSign.swift in Sources */ = {isa = PBXBuildFile; fileRef = AB3C6821223FD1E800B57580 /* CustomAlertSign.swift */; };
		AB3C6825223FD1E900B57580 /* CustomAlertView.swift in Sources */ = {isa = PBXBuildFile; fileRef = AB3C6822223FD1E800B57580 /* CustomAlertView.swift */; };
		AB3C6826223FD1E900B57580 /* CustomAlertView.xib in Resources */ = {isa = PBXBuildFile; fileRef = AB3C6823223FD1E900B57580 /* CustomAlertView.xib */; };
		AB3C6828223FD24B00B57580 /* BorderedView.swift in Sources */ = {isa = PBXBuildFile; fileRef = AB3C6827223FD24A00B57580 /* BorderedView.swift */; };
		AB3C682B223FD38E00B57580 /* LoadingIndicator.swift in Sources */ = {isa = PBXBuildFile; fileRef = AB3C682A223FD38E00B57580 /* LoadingIndicator.swift */; };
		AB3C682D223FD3C300B57580 /* QC.swift in Sources */ = {isa = PBXBuildFile; fileRef = AB3C682C223FD3C300B57580 /* QC.swift */; };
		AB3C6844223FD3EE00B57580 /* Google.swift in Sources */ = {isa = PBXBuildFile; fileRef = AB3C682F223FD3EE00B57580 /* Google.swift */; };
		AB3C6845223FD3EE00B57580 /* Facebook.swift in Sources */ = {isa = PBXBuildFile; fileRef = AB3C6830223FD3EE00B57580 /* Facebook.swift */; };
		AB3C6846223FD3EE00B57580 /* VK.swift in Sources */ = {isa = PBXBuildFile; fileRef = AB3C6831223FD3EE00B57580 /* VK.swift */; };
		AB3C6847223FD3EE00B57580 /* Instagram.swift in Sources */ = {isa = PBXBuildFile; fileRef = AB3C6832223FD3EE00B57580 /* Instagram.swift */; };
		AB3C6848223FD3EE00B57580 /* ParentLoginButton.swift in Sources */ = {isa = PBXBuildFile; fileRef = AB3C6833223FD3EE00B57580 /* ParentLoginButton.swift */; };
		AB3C6849223FD3EE00B57580 /* UpdateButton.swift in Sources */ = {isa = PBXBuildFile; fileRef = AB3C6834223FD3EE00B57580 /* UpdateButton.swift */; };
		AB3C684A223FD3EE00B57580 /* OpenSans-Semibold.ttf in Resources */ = {isa = PBXBuildFile; fileRef = AB3C6836223FD3EE00B57580 /* OpenSans-Semibold.ttf */; };
		AB3C684B223FD3EE00B57580 /* OpenSans-Light.ttf in Resources */ = {isa = PBXBuildFile; fileRef = AB3C6837223FD3EE00B57580 /* OpenSans-Light.ttf */; };
		AB3C684C223FD3EE00B57580 /* OpenSans-Italic.ttf in Resources */ = {isa = PBXBuildFile; fileRef = AB3C6838223FD3EE00B57580 /* OpenSans-Italic.ttf */; };
		AB3C684D223FD3EE00B57580 /* OpenSans-ExtraBold.ttf in Resources */ = {isa = PBXBuildFile; fileRef = AB3C6839223FD3EE00B57580 /* OpenSans-ExtraBold.ttf */; };
		AB3C684E223FD3EE00B57580 /* OpenSans-LightItalic.ttf in Resources */ = {isa = PBXBuildFile; fileRef = AB3C683A223FD3EE00B57580 /* OpenSans-LightItalic.ttf */; };
		AB3C684F223FD3EE00B57580 /* OpenSans-Bold.ttf in Resources */ = {isa = PBXBuildFile; fileRef = AB3C683B223FD3EE00B57580 /* OpenSans-Bold.ttf */; };
		AB3C6850223FD3EE00B57580 /* OpenSans-SemiboldItalic.ttf in Resources */ = {isa = PBXBuildFile; fileRef = AB3C683C223FD3EE00B57580 /* OpenSans-SemiboldItalic.ttf */; };
		AB3C6851223FD3EF00B57580 /* OpenSans-ExtraBoldItalic.ttf in Resources */ = {isa = PBXBuildFile; fileRef = AB3C683D223FD3EE00B57580 /* OpenSans-ExtraBoldItalic.ttf */; };
		AB3C6852223FD3EF00B57580 /* OpenSans-Regular.ttf in Resources */ = {isa = PBXBuildFile; fileRef = AB3C683E223FD3EE00B57580 /* OpenSans-Regular.ttf */; };
		AB3C6853223FD3EF00B57580 /* OpenSans-BoldItalic.ttf in Resources */ = {isa = PBXBuildFile; fileRef = AB3C683F223FD3EE00B57580 /* OpenSans-BoldItalic.ttf */; };
		AB3C6854223FD3EF00B57580 /* SocialLogosStyleKit.swift in Sources */ = {isa = PBXBuildFile; fileRef = AB3C6841223FD3EE00B57580 /* SocialLogosStyleKit.swift */; };
		AB3C6855223FD3EF00B57580 /* LogoAnimView.swift in Sources */ = {isa = PBXBuildFile; fileRef = AB3C6842223FD3EE00B57580 /* LogoAnimView.swift */; };
		AB3C6856223FD3EF00B57580 /* LogoStyleKit.swift in Sources */ = {isa = PBXBuildFile; fileRef = AB3C6843223FD3EE00B57580 /* LogoStyleKit.swift */; };
		AB3C685C223FD74E00B57580 /* Reachability.swift in Sources */ = {isa = PBXBuildFile; fileRef = AB3C6858223FD74C00B57580 /* Reachability.swift */; };
		AB3C685D223FD74E00B57580 /* APIServer.swift in Sources */ = {isa = PBXBuildFile; fileRef = AB3C6859223FD74D00B57580 /* APIServer.swift */; };
		AB3C685E223FD74E00B57580 /* FileStoring.swift in Sources */ = {isa = PBXBuildFile; fileRef = AB3C685A223FD74D00B57580 /* FileStoring.swift */; };
		AB3C685F223FD74E00B57580 /* ScrollingTabBarUtils.swift in Sources */ = {isa = PBXBuildFile; fileRef = AB3C685B223FD74D00B57580 /* ScrollingTabBarUtils.swift */; };
		AB3C6861223FD7E800B57580 /* AuthNavigationController.swift in Sources */ = {isa = PBXBuildFile; fileRef = AB3C6860223FD7E800B57580 /* AuthNavigationController.swift */; };
		AB3C6863223FD89900B57580 /* CustomNotificationDelegate.swift in Sources */ = {isa = PBXBuildFile; fileRef = AB3C6862223FD89900B57580 /* CustomNotificationDelegate.swift */; };
		E52AB735D93E4348DC60F737 /* Pods_ThinkWhat.framework in Frameworks */ = {isa = PBXBuildFile; fileRef = A56A2C87CE7EB48BCFD8C7D8 /* Pods_ThinkWhat.framework */; };
/* End PBXBuildFile section */

/* Begin PBXContainerItemProxy section */
		AB3C67F3223FBB6600B57580 /* PBXContainerItemProxy */ = {
			isa = PBXContainerItemProxy;
			containerPortal = AB3C67D3223FBB6400B57580 /* Project object */;
			proxyType = 1;
			remoteGlobalIDString = AB3C67DA223FBB6400B57580;
			remoteInfo = ThinkWhat;
		};
		AB3C67FE223FBB6600B57580 /* PBXContainerItemProxy */ = {
			isa = PBXContainerItemProxy;
			containerPortal = AB3C67D3223FBB6400B57580 /* Project object */;
			proxyType = 1;
			remoteGlobalIDString = AB3C67DA223FBB6400B57580;
			remoteInfo = ThinkWhat;
		};
/* End PBXContainerItemProxy section */

/* Begin PBXFileReference section */
		0B8B18E3907FC78604B9BB73 /* Pods-ThinkWhat-ThinkWhatTests.release.xcconfig */ = {isa = PBXFileReference; includeInIndex = 1; lastKnownFileType = text.xcconfig; name = "Pods-ThinkWhat-ThinkWhatTests.release.xcconfig"; path = "Pods/Target Support Files/Pods-ThinkWhat-ThinkWhatTests/Pods-ThinkWhat-ThinkWhatTests.release.xcconfig"; sourceTree = "<group>"; };
		10EE74C776F2B6200CD557C8 /* Pods-ThinkWhat-ThinkWhatTests.debug.xcconfig */ = {isa = PBXFileReference; includeInIndex = 1; lastKnownFileType = text.xcconfig; name = "Pods-ThinkWhat-ThinkWhatTests.debug.xcconfig"; path = "Pods/Target Support Files/Pods-ThinkWhat-ThinkWhatTests/Pods-ThinkWhat-ThinkWhatTests.debug.xcconfig"; sourceTree = "<group>"; };
		A56A2C87CE7EB48BCFD8C7D8 /* Pods_ThinkWhat.framework */ = {isa = PBXFileReference; explicitFileType = wrapper.framework; includeInIndex = 0; path = Pods_ThinkWhat.framework; sourceTree = BUILT_PRODUCTS_DIR; };
		AB3C67DB223FBB6400B57580 /* ThinkWhat.app */ = {isa = PBXFileReference; explicitFileType = wrapper.application; includeInIndex = 0; path = ThinkWhat.app; sourceTree = BUILT_PRODUCTS_DIR; };
		AB3C67DE223FBB6400B57580 /* AppDelegate.swift */ = {isa = PBXFileReference; lastKnownFileType = sourcecode.swift; path = AppDelegate.swift; sourceTree = "<group>"; };
		AB3C67E0223FBB6400B57580 /* ViewController.swift */ = {isa = PBXFileReference; lastKnownFileType = sourcecode.swift; path = ViewController.swift; sourceTree = "<group>"; };
		AB3C67E3223FBB6400B57580 /* Base */ = {isa = PBXFileReference; lastKnownFileType = file.storyboard; name = Base; path = Base.lproj/Main.storyboard; sourceTree = "<group>"; };
		AB3C67E6223FBB6400B57580 /* ThinkWhat.xcdatamodel */ = {isa = PBXFileReference; lastKnownFileType = wrapper.xcdatamodel; path = ThinkWhat.xcdatamodel; sourceTree = "<group>"; };
		AB3C67E8223FBB6600B57580 /* Assets.xcassets */ = {isa = PBXFileReference; lastKnownFileType = folder.assetcatalog; path = Assets.xcassets; sourceTree = "<group>"; };
		AB3C67EB223FBB6600B57580 /* Base */ = {isa = PBXFileReference; lastKnownFileType = file.storyboard; name = Base; path = Base.lproj/LaunchScreen.storyboard; sourceTree = "<group>"; };
		AB3C67ED223FBB6600B57580 /* Info.plist */ = {isa = PBXFileReference; lastKnownFileType = text.plist.xml; path = Info.plist; sourceTree = "<group>"; };
		AB3C67F2223FBB6600B57580 /* ThinkWhatTests.xctest */ = {isa = PBXFileReference; explicitFileType = wrapper.cfbundle; includeInIndex = 0; path = ThinkWhatTests.xctest; sourceTree = BUILT_PRODUCTS_DIR; };
		AB3C67F6223FBB6600B57580 /* ThinkWhatTests.swift */ = {isa = PBXFileReference; lastKnownFileType = sourcecode.swift; path = ThinkWhatTests.swift; sourceTree = "<group>"; };
		AB3C67F8223FBB6600B57580 /* Info.plist */ = {isa = PBXFileReference; lastKnownFileType = text.plist.xml; path = Info.plist; sourceTree = "<group>"; };
		AB3C67FD223FBB6600B57580 /* ThinkWhatUITests.xctest */ = {isa = PBXFileReference; explicitFileType = wrapper.cfbundle; includeInIndex = 0; path = ThinkWhatUITests.xctest; sourceTree = BUILT_PRODUCTS_DIR; };
		AB3C6801223FBB6600B57580 /* ThinkWhatUITests.swift */ = {isa = PBXFileReference; lastKnownFileType = sourcecode.swift; path = ThinkWhatUITests.swift; sourceTree = "<group>"; };
		AB3C6803223FBB6600B57580 /* Info.plist */ = {isa = PBXFileReference; lastKnownFileType = text.plist.xml; path = Info.plist; sourceTree = "<group>"; };
		AB3C6811223FC71600B57580 /* Main.swift */ = {isa = PBXFileReference; fileEncoding = 4; lastKnownFileType = sourcecode.swift; path = Main.swift; sourceTree = "<group>"; };
		AB3C6815223FCE3D00B57580 /* LaunchViewController.swift */ = {isa = PBXFileReference; lastKnownFileType = sourcecode.swift; path = LaunchViewController.swift; sourceTree = "<group>"; };
		AB3C6817223FD04500B57580 /* Animations.swift */ = {isa = PBXFileReference; fileEncoding = 4; lastKnownFileType = sourcecode.swift; path = Animations.swift; sourceTree = "<group>"; xcLanguageSpecificationIdentifier = xcode.lang.swift; };
		AB3C6818223FD04500B57580 /* SMSResponse.swift */ = {isa = PBXFileReference; fileEncoding = 4; lastKnownFileType = sourcecode.swift; path = SMSResponse.swift; sourceTree = "<group>"; };
		AB3C6819223FD04500B57580 /* KeychainService.swift */ = {isa = PBXFileReference; fileEncoding = 4; lastKnownFileType = sourcecode.swift; path = KeychainService.swift; sourceTree = "<group>"; };
		AB3C681A223FD04500B57580 /* Extensions.swift */ = {isa = PBXFileReference; fileEncoding = 4; lastKnownFileType = sourcecode.swift; path = Extensions.swift; sourceTree = "<group>"; };
		AB3C6821223FD1E800B57580 /* CustomAlertSign.swift */ = {isa = PBXFileReference; fileEncoding = 4; lastKnownFileType = sourcecode.swift; path = CustomAlertSign.swift; sourceTree = "<group>"; };
		AB3C6822223FD1E800B57580 /* CustomAlertView.swift */ = {isa = PBXFileReference; fileEncoding = 4; lastKnownFileType = sourcecode.swift; path = CustomAlertView.swift; sourceTree = "<group>"; };
		AB3C6823223FD1E900B57580 /* CustomAlertView.xib */ = {isa = PBXFileReference; fileEncoding = 4; lastKnownFileType = file.xib; path = CustomAlertView.xib; sourceTree = "<group>"; };
		AB3C6827223FD24A00B57580 /* BorderedView.swift */ = {isa = PBXFileReference; fileEncoding = 4; lastKnownFileType = sourcecode.swift; path = BorderedView.swift; sourceTree = "<group>"; };
		AB3C682A223FD38E00B57580 /* LoadingIndicator.swift */ = {isa = PBXFileReference; fileEncoding = 4; lastKnownFileType = sourcecode.swift; path = LoadingIndicator.swift; sourceTree = "<group>"; };
		AB3C682C223FD3C300B57580 /* QC.swift */ = {isa = PBXFileReference; fileEncoding = 4; lastKnownFileType = sourcecode.swift; path = QC.swift; sourceTree = "<group>"; };
		AB3C682F223FD3EE00B57580 /* Google.swift */ = {isa = PBXFileReference; fileEncoding = 4; lastKnownFileType = sourcecode.swift; path = Google.swift; sourceTree = "<group>"; };
		AB3C6830223FD3EE00B57580 /* Facebook.swift */ = {isa = PBXFileReference; fileEncoding = 4; lastKnownFileType = sourcecode.swift; path = Facebook.swift; sourceTree = "<group>"; };
		AB3C6831223FD3EE00B57580 /* VK.swift */ = {isa = PBXFileReference; fileEncoding = 4; lastKnownFileType = sourcecode.swift; path = VK.swift; sourceTree = "<group>"; };
		AB3C6832223FD3EE00B57580 /* Instagram.swift */ = {isa = PBXFileReference; fileEncoding = 4; lastKnownFileType = sourcecode.swift; path = Instagram.swift; sourceTree = "<group>"; };
		AB3C6833223FD3EE00B57580 /* ParentLoginButton.swift */ = {isa = PBXFileReference; fileEncoding = 4; lastKnownFileType = sourcecode.swift; path = ParentLoginButton.swift; sourceTree = "<group>"; };
		AB3C6834223FD3EE00B57580 /* UpdateButton.swift */ = {isa = PBXFileReference; fileEncoding = 4; lastKnownFileType = sourcecode.swift; path = UpdateButton.swift; sourceTree = "<group>"; };
		AB3C6836223FD3EE00B57580 /* OpenSans-Semibold.ttf */ = {isa = PBXFileReference; lastKnownFileType = file; path = "OpenSans-Semibold.ttf"; sourceTree = "<group>"; };
		AB3C6837223FD3EE00B57580 /* OpenSans-Light.ttf */ = {isa = PBXFileReference; lastKnownFileType = file; path = "OpenSans-Light.ttf"; sourceTree = "<group>"; };
		AB3C6838223FD3EE00B57580 /* OpenSans-Italic.ttf */ = {isa = PBXFileReference; lastKnownFileType = file; path = "OpenSans-Italic.ttf"; sourceTree = "<group>"; };
		AB3C6839223FD3EE00B57580 /* OpenSans-ExtraBold.ttf */ = {isa = PBXFileReference; lastKnownFileType = file; path = "OpenSans-ExtraBold.ttf"; sourceTree = "<group>"; };
		AB3C683A223FD3EE00B57580 /* OpenSans-LightItalic.ttf */ = {isa = PBXFileReference; lastKnownFileType = file; path = "OpenSans-LightItalic.ttf"; sourceTree = "<group>"; };
		AB3C683B223FD3EE00B57580 /* OpenSans-Bold.ttf */ = {isa = PBXFileReference; lastKnownFileType = file; path = "OpenSans-Bold.ttf"; sourceTree = "<group>"; };
		AB3C683C223FD3EE00B57580 /* OpenSans-SemiboldItalic.ttf */ = {isa = PBXFileReference; lastKnownFileType = file; path = "OpenSans-SemiboldItalic.ttf"; sourceTree = "<group>"; };
		AB3C683D223FD3EE00B57580 /* OpenSans-ExtraBoldItalic.ttf */ = {isa = PBXFileReference; lastKnownFileType = file; path = "OpenSans-ExtraBoldItalic.ttf"; sourceTree = "<group>"; };
		AB3C683E223FD3EE00B57580 /* OpenSans-Regular.ttf */ = {isa = PBXFileReference; lastKnownFileType = file; path = "OpenSans-Regular.ttf"; sourceTree = "<group>"; };
		AB3C683F223FD3EE00B57580 /* OpenSans-BoldItalic.ttf */ = {isa = PBXFileReference; lastKnownFileType = file; path = "OpenSans-BoldItalic.ttf"; sourceTree = "<group>"; };
		AB3C6841223FD3EE00B57580 /* SocialLogosStyleKit.swift */ = {isa = PBXFileReference; fileEncoding = 4; lastKnownFileType = sourcecode.swift; path = SocialLogosStyleKit.swift; sourceTree = "<group>"; };
		AB3C6842223FD3EE00B57580 /* LogoAnimView.swift */ = {isa = PBXFileReference; fileEncoding = 4; lastKnownFileType = sourcecode.swift; path = LogoAnimView.swift; sourceTree = "<group>"; };
		AB3C6843223FD3EE00B57580 /* LogoStyleKit.swift */ = {isa = PBXFileReference; fileEncoding = 4; lastKnownFileType = sourcecode.swift; path = LogoStyleKit.swift; sourceTree = "<group>"; };
		AB3C6858223FD74C00B57580 /* Reachability.swift */ = {isa = PBXFileReference; fileEncoding = 4; lastKnownFileType = sourcecode.swift; path = Reachability.swift; sourceTree = "<group>"; };
		AB3C6859223FD74D00B57580 /* APIServer.swift */ = {isa = PBXFileReference; fileEncoding = 4; lastKnownFileType = sourcecode.swift; path = APIServer.swift; sourceTree = "<group>"; };
		AB3C685A223FD74D00B57580 /* FileStoring.swift */ = {isa = PBXFileReference; fileEncoding = 4; lastKnownFileType = sourcecode.swift; path = FileStoring.swift; sourceTree = "<group>"; };
		AB3C685B223FD74D00B57580 /* ScrollingTabBarUtils.swift */ = {isa = PBXFileReference; fileEncoding = 4; lastKnownFileType = sourcecode.swift; path = ScrollingTabBarUtils.swift; sourceTree = "<group>"; };
		AB3C6860223FD7E800B57580 /* AuthNavigationController.swift */ = {isa = PBXFileReference; lastKnownFileType = sourcecode.swift; path = AuthNavigationController.swift; sourceTree = "<group>"; };
		AB3C6862223FD89900B57580 /* CustomNotificationDelegate.swift */ = {isa = PBXFileReference; fileEncoding = 4; lastKnownFileType = sourcecode.swift; path = CustomNotificationDelegate.swift; sourceTree = "<group>"; };
		BEADFD153DC7111F78B91159 /* Pods-ThinkWhat.debug.xcconfig */ = {isa = PBXFileReference; includeInIndex = 1; lastKnownFileType = text.xcconfig; name = "Pods-ThinkWhat.debug.xcconfig"; path = "Pods/Target Support Files/Pods-ThinkWhat/Pods-ThinkWhat.debug.xcconfig"; sourceTree = "<group>"; };
		C5B1E916BA117F1770CFB2B5 /* Pods-ThinkWhat.release.xcconfig */ = {isa = PBXFileReference; includeInIndex = 1; lastKnownFileType = text.xcconfig; name = "Pods-ThinkWhat.release.xcconfig"; path = "Pods/Target Support Files/Pods-ThinkWhat/Pods-ThinkWhat.release.xcconfig"; sourceTree = "<group>"; };
		CD6CFAA2F8264B491626771A /* Pods_ThinkWhat_ThinkWhatTests.framework */ = {isa = PBXFileReference; explicitFileType = wrapper.framework; includeInIndex = 0; path = Pods_ThinkWhat_ThinkWhatTests.framework; sourceTree = BUILT_PRODUCTS_DIR; };
/* End PBXFileReference section */

/* Begin PBXFrameworksBuildPhase section */
		AB3C67D8223FBB6400B57580 /* Frameworks */ = {
			isa = PBXFrameworksBuildPhase;
			buildActionMask = 2147483647;
			files = (
				E52AB735D93E4348DC60F737 /* Pods_ThinkWhat.framework in Frameworks */,
			);
			runOnlyForDeploymentPostprocessing = 0;
		};
		AB3C67EF223FBB6600B57580 /* Frameworks */ = {
			isa = PBXFrameworksBuildPhase;
			buildActionMask = 2147483647;
			files = (
				2ECF453519086F674BD166EC /* Pods_ThinkWhat_ThinkWhatTests.framework in Frameworks */,
			);
			runOnlyForDeploymentPostprocessing = 0;
		};
		AB3C67FA223FBB6600B57580 /* Frameworks */ = {
			isa = PBXFrameworksBuildPhase;
			buildActionMask = 2147483647;
			files = (
			);
			runOnlyForDeploymentPostprocessing = 0;
		};
/* End PBXFrameworksBuildPhase section */

/* Begin PBXGroup section */
		3BE0E5F06FA4B493FFF8C0E0 /* Pods */ = {
			isa = PBXGroup;
			children = (
				BEADFD153DC7111F78B91159 /* Pods-ThinkWhat.debug.xcconfig */,
				C5B1E916BA117F1770CFB2B5 /* Pods-ThinkWhat.release.xcconfig */,
				10EE74C776F2B6200CD557C8 /* Pods-ThinkWhat-ThinkWhatTests.debug.xcconfig */,
				0B8B18E3907FC78604B9BB73 /* Pods-ThinkWhat-ThinkWhatTests.release.xcconfig */,
			);
			name = Pods;
			sourceTree = "<group>";
		};
		69AB746D40F296BDC8D5D954 /* Frameworks */ = {
			isa = PBXGroup;
			children = (
				A56A2C87CE7EB48BCFD8C7D8 /* Pods_ThinkWhat.framework */,
				CD6CFAA2F8264B491626771A /* Pods_ThinkWhat_ThinkWhatTests.framework */,
			);
			name = Frameworks;
			sourceTree = "<group>";
		};
		AB3C67D2223FBB6400B57580 = {
			isa = PBXGroup;
			children = (
				AB3C67DD223FBB6400B57580 /* ThinkWhat */,
				AB3C67F5223FBB6600B57580 /* ThinkWhatTests */,
				AB3C6800223FBB6600B57580 /* ThinkWhatUITests */,
				AB3C67DC223FBB6400B57580 /* Products */,
				3BE0E5F06FA4B493FFF8C0E0 /* Pods */,
				69AB746D40F296BDC8D5D954 /* Frameworks */,
			);
			sourceTree = "<group>";
		};
		AB3C67DC223FBB6400B57580 /* Products */ = {
			isa = PBXGroup;
			children = (
				AB3C67DB223FBB6400B57580 /* ThinkWhat.app */,
				AB3C67F2223FBB6600B57580 /* ThinkWhatTests.xctest */,
				AB3C67FD223FBB6600B57580 /* ThinkWhatUITests.xctest */,
			);
			name = Products;
			sourceTree = "<group>";
		};
		AB3C67DD223FBB6400B57580 /* ThinkWhat */ = {
			isa = PBXGroup;
			children = (
				AB3C6810223FC6F500B57580 /* Algorithms */,
				AB3C67DE223FBB6400B57580 /* AppDelegate.swift */,
				AB3C67E8223FBB6600B57580 /* Assets.xcassets */,
				AB3C680F223FC6D700B57580 /* Controllers */,
				AB3C67ED223FBB6600B57580 /* Info.plist */,
				AB3C67EA223FBB6600B57580 /* LaunchScreen.storyboard */,
				AB3C67E2223FBB6400B57580 /* Main.storyboard */,
				AB3C67E5223FBB6400B57580 /* ThinkWhat.xcdatamodeld */,
				AB3C681F223FD1B100B57580 /* UI */,
				AB3C67E0223FBB6400B57580 /* ViewController.swift */,
			);
			path = ThinkWhat;
			sourceTree = "<group>";
		};
		AB3C67F5223FBB6600B57580 /* ThinkWhatTests */ = {
			isa = PBXGroup;
			children = (
				AB3C67F6223FBB6600B57580 /* ThinkWhatTests.swift */,
				AB3C67F8223FBB6600B57580 /* Info.plist */,
			);
			path = ThinkWhatTests;
			sourceTree = "<group>";
		};
		AB3C6800223FBB6600B57580 /* ThinkWhatUITests */ = {
			isa = PBXGroup;
			children = (
				AB3C6801223FBB6600B57580 /* ThinkWhatUITests.swift */,
				AB3C6803223FBB6600B57580 /* Info.plist */,
			);
			path = ThinkWhatUITests;
			sourceTree = "<group>";
		};
		AB3C680F223FC6D700B57580 /* Controllers */ = {
			isa = PBXGroup;
			children = (
				AB3C6814223FCE2F00B57580 /* App */,
				AB3C6813223FCE2500B57580 /* Auth */,
			);
			path = Controllers;
			sourceTree = "<group>";
		};
		AB3C6810223FC6F500B57580 /* Algorithms */ = {
			isa = PBXGroup;
			children = (
				AB3C6817223FD04500B57580 /* Animations.swift */,
				AB3C6859223FD74D00B57580 /* APIServer.swift */,
				AB3C6862223FD89900B57580 /* CustomNotificationDelegate.swift */,
				AB3C681A223FD04500B57580 /* Extensions.swift */,
				AB3C685A223FD74D00B57580 /* FileStoring.swift */,
				AB3C6819223FD04500B57580 /* KeychainService.swift */,
				AB3C6811223FC71600B57580 /* Main.swift */,
				AB3C682C223FD3C300B57580 /* QC.swift */,
				AB3C6858223FD74C00B57580 /* Reachability.swift */,
				AB3C685B223FD74D00B57580 /* ScrollingTabBarUtils.swift */,
				AB3C6818223FD04500B57580 /* SMSResponse.swift */,
			);
			path = Algorithms;
			sourceTree = "<group>";
		};
		AB3C6813223FCE2500B57580 /* Auth */ = {
			isa = PBXGroup;
			children = (
				AB3C6815223FCE3D00B57580 /* LaunchViewController.swift */,
				AB3C6860223FD7E800B57580 /* AuthNavigationController.swift */,
			);
			path = Auth;
			sourceTree = "<group>";
		};
		AB3C6814223FCE2F00B57580 /* App */ = {
			isa = PBXGroup;
			children = (
			);
			path = App;
			sourceTree = "<group>";
		};
		AB3C681F223FD1B100B57580 /* UI */ = {
			isa = PBXGroup;
			children = (
				AB3C6857223FD6AB00B57580 /* Storyboards */,
				AB3C682E223FD3EE00B57580 /* Buttons */,
				AB3C6835223FD3EE00B57580 /* Fonts */,
				AB3C6840223FD3EE00B57580 /* Logos */,
				AB3C6829223FD37200B57580 /* LoadingIndicator */,
				AB3C6827223FD24A00B57580 /* BorderedView.swift */,
				AB3C6820223FD1C000B57580 /* CustomAlertView */,
			);
			path = UI;
			sourceTree = "<group>";
		};
		AB3C6820223FD1C000B57580 /* CustomAlertView */ = {
			isa = PBXGroup;
			children = (
				AB3C6821223FD1E800B57580 /* CustomAlertSign.swift */,
				AB3C6822223FD1E800B57580 /* CustomAlertView.swift */,
				AB3C6823223FD1E900B57580 /* CustomAlertView.xib */,
			);
			path = CustomAlertView;
			sourceTree = "<group>";
		};
		AB3C6829223FD37200B57580 /* LoadingIndicator */ = {
			isa = PBXGroup;
			children = (
				AB3C682A223FD38E00B57580 /* LoadingIndicator.swift */,
			);
			path = LoadingIndicator;
			sourceTree = "<group>";
		};
		AB3C682E223FD3EE00B57580 /* Buttons */ = {
			isa = PBXGroup;
			children = (
				AB3C682F223FD3EE00B57580 /* Google.swift */,
				AB3C6830223FD3EE00B57580 /* Facebook.swift */,
				AB3C6831223FD3EE00B57580 /* VK.swift */,
				AB3C6832223FD3EE00B57580 /* Instagram.swift */,
				AB3C6833223FD3EE00B57580 /* ParentLoginButton.swift */,
				AB3C6834223FD3EE00B57580 /* UpdateButton.swift */,
			);
			path = Buttons;
			sourceTree = "<group>";
		};
		AB3C6835223FD3EE00B57580 /* Fonts */ = {
			isa = PBXGroup;
			children = (
				AB3C6836223FD3EE00B57580 /* OpenSans-Semibold.ttf */,
				AB3C6837223FD3EE00B57580 /* OpenSans-Light.ttf */,
				AB3C6838223FD3EE00B57580 /* OpenSans-Italic.ttf */,
				AB3C6839223FD3EE00B57580 /* OpenSans-ExtraBold.ttf */,
				AB3C683A223FD3EE00B57580 /* OpenSans-LightItalic.ttf */,
				AB3C683B223FD3EE00B57580 /* OpenSans-Bold.ttf */,
				AB3C683C223FD3EE00B57580 /* OpenSans-SemiboldItalic.ttf */,
				AB3C683D223FD3EE00B57580 /* OpenSans-ExtraBoldItalic.ttf */,
				AB3C683E223FD3EE00B57580 /* OpenSans-Regular.ttf */,
				AB3C683F223FD3EE00B57580 /* OpenSans-BoldItalic.ttf */,
			);
			path = Fonts;
			sourceTree = "<group>";
		};
		AB3C6840223FD3EE00B57580 /* Logos */ = {
			isa = PBXGroup;
			children = (
				AB3C6841223FD3EE00B57580 /* SocialLogosStyleKit.swift */,
				AB3C6842223FD3EE00B57580 /* LogoAnimView.swift */,
				AB3C6843223FD3EE00B57580 /* LogoStyleKit.swift */,
			);
			path = Logos;
			sourceTree = "<group>";
		};
		AB3C6857223FD6AB00B57580 /* Storyboards */ = {
			isa = PBXGroup;
			children = (
			);
			path = Storyboards;
			sourceTree = "<group>";
		};
/* End PBXGroup section */

/* Begin PBXNativeTarget section */
		AB3C67DA223FBB6400B57580 /* ThinkWhat */ = {
			isa = PBXNativeTarget;
			buildConfigurationList = AB3C6806223FBB6600B57580 /* Build configuration list for PBXNativeTarget "ThinkWhat" */;
			buildPhases = (
				5632526F0839F50E39A91D2D /* [CP] Check Pods Manifest.lock */,
				AB3C67D7223FBB6400B57580 /* Sources */,
				AB3C67D8223FBB6400B57580 /* Frameworks */,
				AB3C67D9223FBB6400B57580 /* Resources */,
				A79FA05FB19CEB958411C690 /* [CP] Embed Pods Frameworks */,
				578620238140CFC8BCC3024F /* [CP] Copy Pods Resources */,
			);
			buildRules = (
			);
			dependencies = (
			);
			name = ThinkWhat;
			productName = ThinkWhat;
			productReference = AB3C67DB223FBB6400B57580 /* ThinkWhat.app */;
			productType = "com.apple.product-type.application";
		};
		AB3C67F1223FBB6600B57580 /* ThinkWhatTests */ = {
			isa = PBXNativeTarget;
			buildConfigurationList = AB3C6809223FBB6600B57580 /* Build configuration list for PBXNativeTarget "ThinkWhatTests" */;
			buildPhases = (
				9D36A2A888D3161A7069CD99 /* [CP] Check Pods Manifest.lock */,
				AB3C67EE223FBB6600B57580 /* Sources */,
				AB3C67EF223FBB6600B57580 /* Frameworks */,
				AB3C67F0223FBB6600B57580 /* Resources */,
				BE710C01A172DC35015000B5 /* [CP] Embed Pods Frameworks */,
				5C037367DAC8B7A6F2E07E86 /* [CP] Copy Pods Resources */,
			);
			buildRules = (
			);
			dependencies = (
				AB3C67F4223FBB6600B57580 /* PBXTargetDependency */,
			);
			name = ThinkWhatTests;
			productName = ThinkWhatTests;
			productReference = AB3C67F2223FBB6600B57580 /* ThinkWhatTests.xctest */;
			productType = "com.apple.product-type.bundle.unit-test";
		};
		AB3C67FC223FBB6600B57580 /* ThinkWhatUITests */ = {
			isa = PBXNativeTarget;
			buildConfigurationList = AB3C680C223FBB6600B57580 /* Build configuration list for PBXNativeTarget "ThinkWhatUITests" */;
			buildPhases = (
				AB3C67F9223FBB6600B57580 /* Sources */,
				AB3C67FA223FBB6600B57580 /* Frameworks */,
				AB3C67FB223FBB6600B57580 /* Resources */,
			);
			buildRules = (
			);
			dependencies = (
				AB3C67FF223FBB6600B57580 /* PBXTargetDependency */,
			);
			name = ThinkWhatUITests;
			productName = ThinkWhatUITests;
			productReference = AB3C67FD223FBB6600B57580 /* ThinkWhatUITests.xctest */;
			productType = "com.apple.product-type.bundle.ui-testing";
		};
/* End PBXNativeTarget section */

/* Begin PBXProject section */
		AB3C67D3223FBB6400B57580 /* Project object */ = {
			isa = PBXProject;
			attributes = {
				LastSwiftUpdateCheck = 1010;
				LastUpgradeCheck = 1010;
				ORGANIZATIONNAME = "Pavel Bukharov";
				TargetAttributes = {
					AB3C67DA223FBB6400B57580 = {
						CreatedOnToolsVersion = 10.1;
					};
					AB3C67F1223FBB6600B57580 = {
						CreatedOnToolsVersion = 10.1;
						TestTargetID = AB3C67DA223FBB6400B57580;
					};
					AB3C67FC223FBB6600B57580 = {
						CreatedOnToolsVersion = 10.1;
						TestTargetID = AB3C67DA223FBB6400B57580;
					};
				};
			};
			buildConfigurationList = AB3C67D6223FBB6400B57580 /* Build configuration list for PBXProject "ThinkWhat" */;
			compatibilityVersion = "Xcode 9.3";
			developmentRegion = en;
			hasScannedForEncodings = 0;
			knownRegions = (
				en,
				Base,
			);
			mainGroup = AB3C67D2223FBB6400B57580;
			productRefGroup = AB3C67DC223FBB6400B57580 /* Products */;
			projectDirPath = "";
			projectRoot = "";
			targets = (
				AB3C67DA223FBB6400B57580 /* ThinkWhat */,
				AB3C67F1223FBB6600B57580 /* ThinkWhatTests */,
				AB3C67FC223FBB6600B57580 /* ThinkWhatUITests */,
			);
		};
/* End PBXProject section */

/* Begin PBXResourcesBuildPhase section */
		AB3C67D9223FBB6400B57580 /* Resources */ = {
			isa = PBXResourcesBuildPhase;
			buildActionMask = 2147483647;
			files = (
				AB3C684B223FD3EE00B57580 /* OpenSans-Light.ttf in Resources */,
				AB3C67EC223FBB6600B57580 /* LaunchScreen.storyboard in Resources */,
				AB3C67E9223FBB6600B57580 /* Assets.xcassets in Resources */,
				AB3C684D223FD3EE00B57580 /* OpenSans-ExtraBold.ttf in Resources */,
				AB3C6826223FD1E900B57580 /* CustomAlertView.xib in Resources */,
				AB3C67E4223FBB6400B57580 /* Main.storyboard in Resources */,
				AB3C684A223FD3EE00B57580 /* OpenSans-Semibold.ttf in Resources */,
				AB3C6851223FD3EF00B57580 /* OpenSans-ExtraBoldItalic.ttf in Resources */,
				AB3C684C223FD3EE00B57580 /* OpenSans-Italic.ttf in Resources */,
				AB3C684F223FD3EE00B57580 /* OpenSans-Bold.ttf in Resources */,
				AB3C6853223FD3EF00B57580 /* OpenSans-BoldItalic.ttf in Resources */,
				AB3C684E223FD3EE00B57580 /* OpenSans-LightItalic.ttf in Resources */,
				AB3C6852223FD3EF00B57580 /* OpenSans-Regular.ttf in Resources */,
				AB3C6850223FD3EE00B57580 /* OpenSans-SemiboldItalic.ttf in Resources */,
			);
			runOnlyForDeploymentPostprocessing = 0;
		};
		AB3C67F0223FBB6600B57580 /* Resources */ = {
			isa = PBXResourcesBuildPhase;
			buildActionMask = 2147483647;
			files = (
			);
			runOnlyForDeploymentPostprocessing = 0;
		};
		AB3C67FB223FBB6600B57580 /* Resources */ = {
			isa = PBXResourcesBuildPhase;
			buildActionMask = 2147483647;
			files = (
			);
			runOnlyForDeploymentPostprocessing = 0;
		};
/* End PBXResourcesBuildPhase section */

/* Begin PBXShellScriptBuildPhase section */
		5632526F0839F50E39A91D2D /* [CP] Check Pods Manifest.lock */ = {
			isa = PBXShellScriptBuildPhase;
			buildActionMask = 2147483647;
			files = (
			);
			inputPaths = (
				"${PODS_PODFILE_DIR_PATH}/Podfile.lock",
				"${PODS_ROOT}/Manifest.lock",
			);
			name = "[CP] Check Pods Manifest.lock";
			outputPaths = (
				"$(DERIVED_FILE_DIR)/Pods-ThinkWhat-checkManifestLockResult.txt",
			);
			runOnlyForDeploymentPostprocessing = 0;
			shellPath = /bin/sh;
			shellScript = "diff \"${PODS_PODFILE_DIR_PATH}/Podfile.lock\" \"${PODS_ROOT}/Manifest.lock\" > /dev/null\nif [ $? != 0 ] ; then\n    # print error to STDERR\n    echo \"error: The sandbox is not in sync with the Podfile.lock. Run 'pod install' or update your CocoaPods installation.\" >&2\n    exit 1\nfi\n# This output is used by Xcode 'outputs' to avoid re-running this script phase.\necho \"SUCCESS\" > \"${SCRIPT_OUTPUT_FILE_0}\"\n";
			showEnvVarsInLog = 0;
		};
		578620238140CFC8BCC3024F /* [CP] Copy Pods Resources */ = {
			isa = PBXShellScriptBuildPhase;
			buildActionMask = 2147483647;
			files = (
			);
			inputPaths = (
			);
			name = "[CP] Copy Pods Resources";
			outputPaths = (
			);
			runOnlyForDeploymentPostprocessing = 0;
			shellPath = /bin/sh;
			shellScript = "\"${SRCROOT}/Pods/Target Support Files/Pods-ThinkWhat/Pods-ThinkWhat-resources.sh\"\n";
			showEnvVarsInLog = 0;
		};
		5C037367DAC8B7A6F2E07E86 /* [CP] Copy Pods Resources */ = {
			isa = PBXShellScriptBuildPhase;
			buildActionMask = 2147483647;
			files = (
			);
			inputPaths = (
			);
			name = "[CP] Copy Pods Resources";
			outputPaths = (
			);
			runOnlyForDeploymentPostprocessing = 0;
			shellPath = /bin/sh;
			shellScript = "\"${SRCROOT}/Pods/Target Support Files/Pods-ThinkWhat-ThinkWhatTests/Pods-ThinkWhat-ThinkWhatTests-resources.sh\"\n";
			showEnvVarsInLog = 0;
		};
		9D36A2A888D3161A7069CD99 /* [CP] Check Pods Manifest.lock */ = {
			isa = PBXShellScriptBuildPhase;
			buildActionMask = 2147483647;
			files = (
			);
			inputPaths = (
				"${PODS_PODFILE_DIR_PATH}/Podfile.lock",
				"${PODS_ROOT}/Manifest.lock",
			);
			name = "[CP] Check Pods Manifest.lock";
			outputPaths = (
				"$(DERIVED_FILE_DIR)/Pods-ThinkWhat-ThinkWhatTests-checkManifestLockResult.txt",
			);
			runOnlyForDeploymentPostprocessing = 0;
			shellPath = /bin/sh;
			shellScript = "diff \"${PODS_PODFILE_DIR_PATH}/Podfile.lock\" \"${PODS_ROOT}/Manifest.lock\" > /dev/null\nif [ $? != 0 ] ; then\n    # print error to STDERR\n    echo \"error: The sandbox is not in sync with the Podfile.lock. Run 'pod install' or update your CocoaPods installation.\" >&2\n    exit 1\nfi\n# This output is used by Xcode 'outputs' to avoid re-running this script phase.\necho \"SUCCESS\" > \"${SCRIPT_OUTPUT_FILE_0}\"\n";
			showEnvVarsInLog = 0;
		};
		A79FA05FB19CEB958411C690 /* [CP] Embed Pods Frameworks */ = {
			isa = PBXShellScriptBuildPhase;
			buildActionMask = 2147483647;
			files = (
			);
			inputPaths = (
				"${SRCROOT}/Pods/Target Support Files/Pods-ThinkWhat/Pods-ThinkWhat-frameworks.sh",
				"${BUILT_PRODUCTS_DIR}/Alamofire/Alamofire.framework",
				"${BUILT_PRODUCTS_DIR}/SwiftyJSON/SwiftyJSON.framework",
				"${BUILT_PRODUCTS_DIR}/Swinject/Swinject.framework",
			);
			name = "[CP] Embed Pods Frameworks";
			outputPaths = (
				"${TARGET_BUILD_DIR}/${FRAMEWORKS_FOLDER_PATH}/Alamofire.framework",
				"${TARGET_BUILD_DIR}/${FRAMEWORKS_FOLDER_PATH}/SwiftyJSON.framework",
				"${TARGET_BUILD_DIR}/${FRAMEWORKS_FOLDER_PATH}/Swinject.framework",
			);
			runOnlyForDeploymentPostprocessing = 0;
			shellPath = /bin/sh;
			shellScript = "\"${SRCROOT}/Pods/Target Support Files/Pods-ThinkWhat/Pods-ThinkWhat-frameworks.sh\"\n";
			showEnvVarsInLog = 0;
		};
		BE710C01A172DC35015000B5 /* [CP] Embed Pods Frameworks */ = {
			isa = PBXShellScriptBuildPhase;
			buildActionMask = 2147483647;
			files = (
			);
			inputPaths = (
				"${SRCROOT}/Pods/Target Support Files/Pods-ThinkWhat-ThinkWhatTests/Pods-ThinkWhat-ThinkWhatTests-frameworks.sh",
				"${BUILT_PRODUCTS_DIR}/Alamofire/Alamofire.framework",
				"${BUILT_PRODUCTS_DIR}/SwiftyJSON/SwiftyJSON.framework",
				"${BUILT_PRODUCTS_DIR}/Swinject/Swinject.framework",
				"${BUILT_PRODUCTS_DIR}/Nimble/Nimble.framework",
				"${BUILT_PRODUCTS_DIR}/Quick/Quick.framework",
			);
			name = "[CP] Embed Pods Frameworks";
			outputPaths = (
				"${TARGET_BUILD_DIR}/${FRAMEWORKS_FOLDER_PATH}/Alamofire.framework",
				"${TARGET_BUILD_DIR}/${FRAMEWORKS_FOLDER_PATH}/SwiftyJSON.framework",
				"${TARGET_BUILD_DIR}/${FRAMEWORKS_FOLDER_PATH}/Swinject.framework",
				"${TARGET_BUILD_DIR}/${FRAMEWORKS_FOLDER_PATH}/Nimble.framework",
				"${TARGET_BUILD_DIR}/${FRAMEWORKS_FOLDER_PATH}/Quick.framework",
			);
			runOnlyForDeploymentPostprocessing = 0;
			shellPath = /bin/sh;
			shellScript = "\"${SRCROOT}/Pods/Target Support Files/Pods-ThinkWhat-ThinkWhatTests/Pods-ThinkWhat-ThinkWhatTests-frameworks.sh\"\n";
			showEnvVarsInLog = 0;
		};
/* End PBXShellScriptBuildPhase section */

/* Begin PBXSourcesBuildPhase section */
		AB3C67D7223FBB6400B57580 /* Sources */ = {
			isa = PBXSourcesBuildPhase;
			buildActionMask = 2147483647;
			files = (
				AB3C6863223FD89900B57580 /* CustomNotificationDelegate.swift in Sources */,
				AB3C67E1223FBB6400B57580 /* ViewController.swift in Sources */,
				AB3C681E223FD04500B57580 /* Extensions.swift in Sources */,
				AB3C6825223FD1E900B57580 /* CustomAlertView.swift in Sources */,
				AB3C685F223FD74E00B57580 /* ScrollingTabBarUtils.swift in Sources */,
				AB3C6845223FD3EE00B57580 /* Facebook.swift in Sources */,
				AB3C6849223FD3EE00B57580 /* UpdateButton.swift in Sources */,
				AB3C6816223FCE3D00B57580 /* LaunchViewController.swift in Sources */,
				AB3C6861223FD7E800B57580 /* AuthNavigationController.swift in Sources */,
				AB3C6844223FD3EE00B57580 /* Google.swift in Sources */,
				AB3C681B223FD04500B57580 /* Animations.swift in Sources */,
				AB3C685D223FD74E00B57580 /* APIServer.swift in Sources */,
				AB3C682D223FD3C300B57580 /* QC.swift in Sources */,
				AB3C682B223FD38E00B57580 /* LoadingIndicator.swift in Sources */,
				AB3C6854223FD3EF00B57580 /* SocialLogosStyleKit.swift in Sources */,
				AB3C6856223FD3EF00B57580 /* LogoStyleKit.swift in Sources */,
				AB3C6848223FD3EE00B57580 /* ParentLoginButton.swift in Sources */,
				AB3C67E7223FBB6400B57580 /* ThinkWhat.xcdatamodeld in Sources */,
				AB3C685C223FD74E00B57580 /* Reachability.swift in Sources */,
				AB3C6846223FD3EE00B57580 /* VK.swift in Sources */,
				AB3C681C223FD04500B57580 /* SMSResponse.swift in Sources */,
				AB3C685E223FD74E00B57580 /* FileStoring.swift in Sources */,
				AB3C6828223FD24B00B57580 /* BorderedView.swift in Sources */,
				AB3C6855223FD3EF00B57580 /* LogoAnimView.swift in Sources */,
				AB3C681D223FD04500B57580 /* KeychainService.swift in Sources */,
				AB3C6812223FC71600B57580 /* Main.swift in Sources */,
				AB3C6824223FD1E900B57580 /* CustomAlertSign.swift in Sources */,
				AB3C6847223FD3EE00B57580 /* Instagram.swift in Sources */,
				AB3C67DF223FBB6400B57580 /* AppDelegate.swift in Sources */,
			);
			runOnlyForDeploymentPostprocessing = 0;
		};
		AB3C67EE223FBB6600B57580 /* Sources */ = {
			isa = PBXSourcesBuildPhase;
			buildActionMask = 2147483647;
			files = (
				AB3C67F7223FBB6600B57580 /* ThinkWhatTests.swift in Sources */,
			);
			runOnlyForDeploymentPostprocessing = 0;
		};
		AB3C67F9223FBB6600B57580 /* Sources */ = {
			isa = PBXSourcesBuildPhase;
			buildActionMask = 2147483647;
			files = (
				AB3C6802223FBB6600B57580 /* ThinkWhatUITests.swift in Sources */,
			);
			runOnlyForDeploymentPostprocessing = 0;
		};
/* End PBXSourcesBuildPhase section */

/* Begin PBXTargetDependency section */
		AB3C67F4223FBB6600B57580 /* PBXTargetDependency */ = {
			isa = PBXTargetDependency;
			target = AB3C67DA223FBB6400B57580 /* ThinkWhat */;
			targetProxy = AB3C67F3223FBB6600B57580 /* PBXContainerItemProxy */;
		};
		AB3C67FF223FBB6600B57580 /* PBXTargetDependency */ = {
			isa = PBXTargetDependency;
			target = AB3C67DA223FBB6400B57580 /* ThinkWhat */;
			targetProxy = AB3C67FE223FBB6600B57580 /* PBXContainerItemProxy */;
		};
/* End PBXTargetDependency section */

/* Begin PBXVariantGroup section */
		AB3C67E2223FBB6400B57580 /* Main.storyboard */ = {
			isa = PBXVariantGroup;
			children = (
				AB3C67E3223FBB6400B57580 /* Base */,
			);
			name = Main.storyboard;
			sourceTree = "<group>";
		};
		AB3C67EA223FBB6600B57580 /* LaunchScreen.storyboard */ = {
			isa = PBXVariantGroup;
			children = (
				AB3C67EB223FBB6600B57580 /* Base */,
			);
			name = LaunchScreen.storyboard;
			sourceTree = "<group>";
		};
/* End PBXVariantGroup section */

/* Begin XCBuildConfiguration section */
		AB3C6804223FBB6600B57580 /* Debug */ = {
			isa = XCBuildConfiguration;
			buildSettings = {
				ALWAYS_SEARCH_USER_PATHS = NO;
				CLANG_ANALYZER_NONNULL = YES;
				CLANG_ANALYZER_NUMBER_OBJECT_CONVERSION = YES_AGGRESSIVE;
				CLANG_CXX_LANGUAGE_STANDARD = "gnu++14";
				CLANG_CXX_LIBRARY = "libc++";
				CLANG_ENABLE_MODULES = YES;
				CLANG_ENABLE_OBJC_ARC = YES;
				CLANG_ENABLE_OBJC_WEAK = YES;
				CLANG_WARN_BLOCK_CAPTURE_AUTORELEASING = YES;
				CLANG_WARN_BOOL_CONVERSION = YES;
				CLANG_WARN_COMMA = YES;
				CLANG_WARN_CONSTANT_CONVERSION = YES;
				CLANG_WARN_DEPRECATED_OBJC_IMPLEMENTATIONS = YES;
				CLANG_WARN_DIRECT_OBJC_ISA_USAGE = YES_ERROR;
				CLANG_WARN_DOCUMENTATION_COMMENTS = YES;
				CLANG_WARN_EMPTY_BODY = YES;
				CLANG_WARN_ENUM_CONVERSION = YES;
				CLANG_WARN_INFINITE_RECURSION = YES;
				CLANG_WARN_INT_CONVERSION = YES;
				CLANG_WARN_NON_LITERAL_NULL_CONVERSION = YES;
				CLANG_WARN_OBJC_IMPLICIT_RETAIN_SELF = YES;
				CLANG_WARN_OBJC_LITERAL_CONVERSION = YES;
				CLANG_WARN_OBJC_ROOT_CLASS = YES_ERROR;
				CLANG_WARN_RANGE_LOOP_ANALYSIS = YES;
				CLANG_WARN_STRICT_PROTOTYPES = YES;
				CLANG_WARN_SUSPICIOUS_MOVE = YES;
				CLANG_WARN_UNGUARDED_AVAILABILITY = YES_AGGRESSIVE;
				CLANG_WARN_UNREACHABLE_CODE = YES;
				CLANG_WARN__DUPLICATE_METHOD_MATCH = YES;
				CODE_SIGN_IDENTITY = "iPhone Developer";
				COPY_PHASE_STRIP = NO;
				DEBUG_INFORMATION_FORMAT = dwarf;
				ENABLE_STRICT_OBJC_MSGSEND = YES;
				ENABLE_TESTABILITY = YES;
				GCC_C_LANGUAGE_STANDARD = gnu11;
				GCC_DYNAMIC_NO_PIC = NO;
				GCC_NO_COMMON_BLOCKS = YES;
				GCC_OPTIMIZATION_LEVEL = 0;
				GCC_PREPROCESSOR_DEFINITIONS = (
					"DEBUG=1",
					"$(inherited)",
				);
				GCC_WARN_64_TO_32_BIT_CONVERSION = YES;
				GCC_WARN_ABOUT_RETURN_TYPE = YES_ERROR;
				GCC_WARN_UNDECLARED_SELECTOR = YES;
				GCC_WARN_UNINITIALIZED_AUTOS = YES_AGGRESSIVE;
				GCC_WARN_UNUSED_FUNCTION = YES;
				GCC_WARN_UNUSED_VARIABLE = YES;
				IPHONEOS_DEPLOYMENT_TARGET = 12.1;
				MTL_ENABLE_DEBUG_INFO = INCLUDE_SOURCE;
				MTL_FAST_MATH = YES;
				ONLY_ACTIVE_ARCH = YES;
				SDKROOT = iphoneos;
				SWIFT_ACTIVE_COMPILATION_CONDITIONS = DEBUG;
				SWIFT_OPTIMIZATION_LEVEL = "-Onone";
			};
			name = Debug;
		};
		AB3C6805223FBB6600B57580 /* Release */ = {
			isa = XCBuildConfiguration;
			buildSettings = {
				ALWAYS_SEARCH_USER_PATHS = NO;
				CLANG_ANALYZER_NONNULL = YES;
				CLANG_ANALYZER_NUMBER_OBJECT_CONVERSION = YES_AGGRESSIVE;
				CLANG_CXX_LANGUAGE_STANDARD = "gnu++14";
				CLANG_CXX_LIBRARY = "libc++";
				CLANG_ENABLE_MODULES = YES;
				CLANG_ENABLE_OBJC_ARC = YES;
				CLANG_ENABLE_OBJC_WEAK = YES;
				CLANG_WARN_BLOCK_CAPTURE_AUTORELEASING = YES;
				CLANG_WARN_BOOL_CONVERSION = YES;
				CLANG_WARN_COMMA = YES;
				CLANG_WARN_CONSTANT_CONVERSION = YES;
				CLANG_WARN_DEPRECATED_OBJC_IMPLEMENTATIONS = YES;
				CLANG_WARN_DIRECT_OBJC_ISA_USAGE = YES_ERROR;
				CLANG_WARN_DOCUMENTATION_COMMENTS = YES;
				CLANG_WARN_EMPTY_BODY = YES;
				CLANG_WARN_ENUM_CONVERSION = YES;
				CLANG_WARN_INFINITE_RECURSION = YES;
				CLANG_WARN_INT_CONVERSION = YES;
				CLANG_WARN_NON_LITERAL_NULL_CONVERSION = YES;
				CLANG_WARN_OBJC_IMPLICIT_RETAIN_SELF = YES;
				CLANG_WARN_OBJC_LITERAL_CONVERSION = YES;
				CLANG_WARN_OBJC_ROOT_CLASS = YES_ERROR;
				CLANG_WARN_RANGE_LOOP_ANALYSIS = YES;
				CLANG_WARN_STRICT_PROTOTYPES = YES;
				CLANG_WARN_SUSPICIOUS_MOVE = YES;
				CLANG_WARN_UNGUARDED_AVAILABILITY = YES_AGGRESSIVE;
				CLANG_WARN_UNREACHABLE_CODE = YES;
				CLANG_WARN__DUPLICATE_METHOD_MATCH = YES;
				CODE_SIGN_IDENTITY = "iPhone Developer";
				COPY_PHASE_STRIP = NO;
				DEBUG_INFORMATION_FORMAT = "dwarf-with-dsym";
				ENABLE_NS_ASSERTIONS = NO;
				ENABLE_STRICT_OBJC_MSGSEND = YES;
				GCC_C_LANGUAGE_STANDARD = gnu11;
				GCC_NO_COMMON_BLOCKS = YES;
				GCC_WARN_64_TO_32_BIT_CONVERSION = YES;
				GCC_WARN_ABOUT_RETURN_TYPE = YES_ERROR;
				GCC_WARN_UNDECLARED_SELECTOR = YES;
				GCC_WARN_UNINITIALIZED_AUTOS = YES_AGGRESSIVE;
				GCC_WARN_UNUSED_FUNCTION = YES;
				GCC_WARN_UNUSED_VARIABLE = YES;
				IPHONEOS_DEPLOYMENT_TARGET = 12.1;
				MTL_ENABLE_DEBUG_INFO = NO;
				MTL_FAST_MATH = YES;
				SDKROOT = iphoneos;
				SWIFT_COMPILATION_MODE = wholemodule;
				SWIFT_OPTIMIZATION_LEVEL = "-O";
				VALIDATE_PRODUCT = YES;
			};
			name = Release;
		};
		AB3C6807223FBB6600B57580 /* Debug */ = {
			isa = XCBuildConfiguration;
			baseConfigurationReference = BEADFD153DC7111F78B91159 /* Pods-ThinkWhat.debug.xcconfig */;
			buildSettings = {
				ASSETCATALOG_COMPILER_APPICON_NAME = AppIcon;
				CODE_SIGN_STYLE = Automatic;
				DEVELOPMENT_TEAM = YR8888VBGA;
				INFOPLIST_FILE = ThinkWhat/Info.plist;
				IPHONEOS_DEPLOYMENT_TARGET = 10.0;
				LD_RUNPATH_SEARCH_PATHS = (
					"$(inherited)",
					"@executable_path/Frameworks",
				);
				PRODUCT_BUNDLE_IDENTIFIER = PB.ThinkWhat;
				PRODUCT_NAME = "$(TARGET_NAME)";
				SWIFT_VERSION = 4.2;
				TARGETED_DEVICE_FAMILY = "1,2";
			};
			name = Debug;
		};
		AB3C6808223FBB6600B57580 /* Release */ = {
			isa = XCBuildConfiguration;
			baseConfigurationReference = C5B1E916BA117F1770CFB2B5 /* Pods-ThinkWhat.release.xcconfig */;
			buildSettings = {
				ASSETCATALOG_COMPILER_APPICON_NAME = AppIcon;
				CODE_SIGN_STYLE = Automatic;
				DEVELOPMENT_TEAM = YR8888VBGA;
				INFOPLIST_FILE = ThinkWhat/Info.plist;
				IPHONEOS_DEPLOYMENT_TARGET = 10.0;
				LD_RUNPATH_SEARCH_PATHS = (
					"$(inherited)",
					"@executable_path/Frameworks",
				);
				PRODUCT_BUNDLE_IDENTIFIER = PB.ThinkWhat;
				PRODUCT_NAME = "$(TARGET_NAME)";
				SWIFT_VERSION = 4.2;
				TARGETED_DEVICE_FAMILY = "1,2";
			};
			name = Release;
		};
		AB3C680A223FBB6600B57580 /* Debug */ = {
			isa = XCBuildConfiguration;
			baseConfigurationReference = 10EE74C776F2B6200CD557C8 /* Pods-ThinkWhat-ThinkWhatTests.debug.xcconfig */;
			buildSettings = {
				ALWAYS_EMBED_SWIFT_STANDARD_LIBRARIES = YES;
				BUNDLE_LOADER = "$(TEST_HOST)";
				CODE_SIGN_STYLE = Automatic;
				DEVELOPMENT_TEAM = YR8888VBGA;
				INFOPLIST_FILE = ThinkWhatTests/Info.plist;
				LD_RUNPATH_SEARCH_PATHS = (
					"$(inherited)",
					"@executable_path/Frameworks",
					"@loader_path/Frameworks",
				);
				PRODUCT_BUNDLE_IDENTIFIER = PB.ThinkWhatTests;
				PRODUCT_NAME = "$(TARGET_NAME)";
				SWIFT_VERSION = 4.2;
				TARGETED_DEVICE_FAMILY = "1,2";
				TEST_HOST = "$(BUILT_PRODUCTS_DIR)/ThinkWhat.app/ThinkWhat";
			};
			name = Debug;
		};
		AB3C680B223FBB6600B57580 /* Release */ = {
			isa = XCBuildConfiguration;
			baseConfigurationReference = 0B8B18E3907FC78604B9BB73 /* Pods-ThinkWhat-ThinkWhatTests.release.xcconfig */;
			buildSettings = {
				ALWAYS_EMBED_SWIFT_STANDARD_LIBRARIES = YES;
				BUNDLE_LOADER = "$(TEST_HOST)";
				CODE_SIGN_STYLE = Automatic;
				DEVELOPMENT_TEAM = YR8888VBGA;
				INFOPLIST_FILE = ThinkWhatTests/Info.plist;
				LD_RUNPATH_SEARCH_PATHS = (
					"$(inherited)",
					"@executable_path/Frameworks",
					"@loader_path/Frameworks",
				);
				PRODUCT_BUNDLE_IDENTIFIER = PB.ThinkWhatTests;
				PRODUCT_NAME = "$(TARGET_NAME)";
				SWIFT_VERSION = 4.2;
				TARGETED_DEVICE_FAMILY = "1,2";
				TEST_HOST = "$(BUILT_PRODUCTS_DIR)/ThinkWhat.app/ThinkWhat";
			};
			name = Release;
		};
		AB3C680D223FBB6600B57580 /* Debug */ = {
			isa = XCBuildConfiguration;
			buildSettings = {
				ALWAYS_EMBED_SWIFT_STANDARD_LIBRARIES = YES;
				CODE_SIGN_STYLE = Automatic;
				DEVELOPMENT_TEAM = YR8888VBGA;
				INFOPLIST_FILE = ThinkWhatUITests/Info.plist;
				LD_RUNPATH_SEARCH_PATHS = (
					"$(inherited)",
					"@executable_path/Frameworks",
					"@loader_path/Frameworks",
				);
				PRODUCT_BUNDLE_IDENTIFIER = PB.ThinkWhatUITests;
				PRODUCT_NAME = "$(TARGET_NAME)";
				SWIFT_VERSION = 4.2;
				TARGETED_DEVICE_FAMILY = "1,2";
				TEST_TARGET_NAME = ThinkWhat;
			};
			name = Debug;
		};
		AB3C680E223FBB6600B57580 /* Release */ = {
			isa = XCBuildConfiguration;
			buildSettings = {
				ALWAYS_EMBED_SWIFT_STANDARD_LIBRARIES = YES;
				CODE_SIGN_STYLE = Automatic;
				DEVELOPMENT_TEAM = YR8888VBGA;
				INFOPLIST_FILE = ThinkWhatUITests/Info.plist;
				LD_RUNPATH_SEARCH_PATHS = (
					"$(inherited)",
					"@executable_path/Frameworks",
					"@loader_path/Frameworks",
				);
				PRODUCT_BUNDLE_IDENTIFIER = PB.ThinkWhatUITests;
				PRODUCT_NAME = "$(TARGET_NAME)";
				SWIFT_VERSION = 4.2;
				TARGETED_DEVICE_FAMILY = "1,2";
				TEST_TARGET_NAME = ThinkWhat;
			};
			name = Release;
		};
/* End XCBuildConfiguration section */

/* Begin XCConfigurationList section */
		AB3C67D6223FBB6400B57580 /* Build configuration list for PBXProject "ThinkWhat" */ = {
			isa = XCConfigurationList;
			buildConfigurations = (
				AB3C6804223FBB6600B57580 /* Debug */,
				AB3C6805223FBB6600B57580 /* Release */,
			);
			defaultConfigurationIsVisible = 0;
			defaultConfigurationName = Release;
		};
		AB3C6806223FBB6600B57580 /* Build configuration list for PBXNativeTarget "ThinkWhat" */ = {
			isa = XCConfigurationList;
			buildConfigurations = (
				AB3C6807223FBB6600B57580 /* Debug */,
				AB3C6808223FBB6600B57580 /* Release */,
			);
			defaultConfigurationIsVisible = 0;
			defaultConfigurationName = Release;
		};
		AB3C6809223FBB6600B57580 /* Build configuration list for PBXNativeTarget "ThinkWhatTests" */ = {
			isa = XCConfigurationList;
			buildConfigurations = (
				AB3C680A223FBB6600B57580 /* Debug */,
				AB3C680B223FBB6600B57580 /* Release */,
			);
			defaultConfigurationIsVisible = 0;
			defaultConfigurationName = Release;
		};
		AB3C680C223FBB6600B57580 /* Build configuration list for PBXNativeTarget "ThinkWhatUITests" */ = {
			isa = XCConfigurationList;
			buildConfigurations = (
				AB3C680D223FBB6600B57580 /* Debug */,
				AB3C680E223FBB6600B57580 /* Release */,
			);
			defaultConfigurationIsVisible = 0;
			defaultConfigurationName = Release;
		};
/* End XCConfigurationList section */

/* Begin XCVersionGroup section */
		AB3C67E5223FBB6400B57580 /* ThinkWhat.xcdatamodeld */ = {
			isa = XCVersionGroup;
			children = (
				AB3C67E6223FBB6400B57580 /* ThinkWhat.xcdatamodel */,
			);
			currentVersion = AB3C67E6223FBB6400B57580 /* ThinkWhat.xcdatamodel */;
			path = ThinkWhat.xcdatamodeld;
			sourceTree = "<group>";
			versionGroupType = wrapper.xcdatamodel;
		};
/* End XCVersionGroup section */
	};
	rootObject = AB3C67D3223FBB6400B57580 /* Project object */;
}
